
Microsoft Visual Studio Solution File, Format Version 12.00
# Visual Studio 15
VisualStudioVersion = 15.0.27428.2043
MinimumVisualStudioVersion = 10.0.40219.1
Project("{FAE04EC0-301F-11D3-BF4B-00C04F79EFBC}") = "SmartVideoGallery", "SmartVideoGallery.csproj", "{B1CD0D58-98DB-4390-B4FE-C1EB2C6E0BBF}"
EndProject
Global
	GlobalSection(SolutionConfigurationPlatforms) = preSolution
		Debug|Any CPU = Debug|Any CPU
		Release|Any CPU = Release|Any CPU
	EndGlobalSection
	GlobalSection(ProjectConfigurationPlatforms) = postSolution
		{B1CD0D58-98DB-4390-B4FE-C1EB2C6E0BBF}.Debug|Any CPU.ActiveCfg = Debug|Any CPU
		{B1CD0D58-98DB-4390-B4FE-C1EB2C6E0BBF}.Debug|Any CPU.Build.0 = Debug|Any CPU
		{B1CD0D58-98DB-4390-B4FE-C1EB2C6E0BBF}.Release|Any CPU.ActiveCfg = Release|Any CPU
		{B1CD0D58-98DB-4390-B4FE-C1EB2C6E0BBF}.Release|Any CPU.Build.0 = Release|Any CPU
	EndGlobalSection
	GlobalSection(SolutionProperties) = preSolution
		HideSolutionNode = FALSE
	EndGlobalSection
	GlobalSection(ExtensibilityGlobals) = postSolution
		SolutionGuid = {879DF894-1BE0-40BF-85EC-5C32DE6DE026}
	EndGlobalSection
EndGlobal
